<Solution>
  <Project Path="ejercicio 1/ejercicio 1.csproj" />
  <Project Path="ejercicio 2/ejercicio 2.csproj" />
  <Project Path="ejercicio 3/ejercicio 3.csproj" />
  <Project Path="ejercicio 4/ejercicio 4.csproj" Id="58ab7486-5dff-4ce5-95bf-9b5e901fc86a" />
  <Project Path="ejercicio 5/ejercicio 5.csproj" Id="72989d8e-3102-4112-b325-4ffaf8e3fa6c" />
  <Project Path="ejercicio 6/ejercicio 6.csproj" Id="7a2701a5-7ef6-4d8f-aa1e-88cba8b37aa3" />
  <Project Path="ejercicio 7/ejercicio 7.csproj" Id="504f40b8-2097-4358-a4e6-974333f0605c" />
</Solution>
